
Microsoft Visual Studio Solution File, Format Version 12.00
# Visual Studio Version 17
VisualStudioVersion = 17.7.34018.315
MinimumVisualStudioVersion = 10.0.40219.1
Project("{9A19103F-16F7-4668-BE54-9A1E7A4F7556}") = "webapi", "webapi\webapi.csproj", "{F3C7EB8A-ACAD-4CBD-BE9A-960C38CCF415}"
EndProject
Project("{2150E333-8FDC-42A3-9474-1A3956D46DE8}") = "test", "test", "{8D756FD8-E69C-4481-BF93-D71674AB27CD}"
EndProject
Project("{9A19103F-16F7-4668-BE54-9A1E7A4F7556}") = "webapi.FunctionalTests", "test\ApiTraining.FunctionalTests\webapi.FunctionalTests.csproj", "{06710F15-7D64-41F2-B768-58733FCCED8E}"
EndProject
Global
	GlobalSection(SolutionConfigurationPlatforms) = preSolution
		Debug|Any CPU = Debug|Any CPU
		Release|Any CPU = Release|Any CPU
	EndGlobalSection
	GlobalSection(ProjectConfigurationPlatforms) = postSolution
		{F3C7EB8A-ACAD-4CBD-BE9A-960C38CCF415}.Debug|Any CPU.ActiveCfg = Debug|Any CPU
		{F3C7EB8A-ACAD-4CBD-BE9A-960C38CCF415}.Debug|Any CPU.Build.0 = Debug|Any CPU
		{F3C7EB8A-ACAD-4CBD-BE9A-960C38CCF415}.Release|Any CPU.ActiveCfg = Release|Any CPU
		{F3C7EB8A-ACAD-4CBD-BE9A-960C38CCF415}.Release|Any CPU.Build.0 = Release|Any CPU
		{06710F15-7D64-41F2-B768-58733FCCED8E}.Debug|Any CPU.ActiveCfg = Debug|Any CPU
		{06710F15-7D64-41F2-B768-58733FCCED8E}.Debug|Any CPU.Build.0 = Debug|Any CPU
		{06710F15-7D64-41F2-B768-58733FCCED8E}.Release|Any CPU.ActiveCfg = Release|Any CPU
		{06710F15-7D64-41F2-B768-58733FCCED8E}.Release|Any CPU.Build.0 = Release|Any CPU
	EndGlobalSection
	GlobalSection(SolutionProperties) = preSolution
		HideSolutionNode = FALSE
	EndGlobalSection
	GlobalSection(NestedProjects) = preSolution
		{06710F15-7D64-41F2-B768-58733FCCED8E} = {8D756FD8-E69C-4481-BF93-D71674AB27CD}
	EndGlobalSection
	GlobalSection(ExtensibilityGlobals) = postSolution
		SolutionGuid = {88BB557B-36AE-412A-9896-1BE7A2D69365}
	EndGlobalSection
EndGlobal
